// !$*UTF8*$!
{
	archiveVersion = 1;
	classes = {
	};
	objectVersion = 56;
	objects = {

/* Begin PBXBuildFile section */
		C50F5905298E217600CA1010 /* ShowMoviesVCViewController.swift in Sources */ = {isa = PBXBuildFile; fileRef = C50F5903298E217600CA1010 /* ShowMoviesVCViewController.swift */; };
		C50F5908298E265700CA1010 /* MoviePoster.swift in Sources */ = {isa = PBXBuildFile; fileRef = C50F5907298E265700CA1010 /* MoviePoster.swift */; };
		C50F590A298E2DA900CA1010 /* MovieCell.swift in Sources */ = {isa = PBXBuildFile; fileRef = C50F5909298E2DA900CA1010 /* MovieCell.swift */; };
		C50F590C298E422300CA1010 /* NetworkManager.swift in Sources */ = {isa = PBXBuildFile; fileRef = C50F590B298E422300CA1010 /* NetworkManager.swift */; };
		C50F590E298E583900CA1010 /* MovieModel.swift in Sources */ = {isa = PBXBuildFile; fileRef = C50F590D298E583900CA1010 /* MovieModel.swift */; };
		C59EA57D298E13D100F16AB8 /* AppDelegate.swift in Sources */ = {isa = PBXBuildFile; fileRef = C59EA57C298E13D100F16AB8 /* AppDelegate.swift */; };
		C59EA57F298E13D100F16AB8 /* SceneDelegate.swift in Sources */ = {isa = PBXBuildFile; fileRef = C59EA57E298E13D100F16AB8 /* SceneDelegate.swift */; };
		C59EA581298E13D100F16AB8 /* ViewController.swift in Sources */ = {isa = PBXBuildFile; fileRef = C59EA580298E13D100F16AB8 /* ViewController.swift */; };
		C59EA584298E13D100F16AB8 /* Main.storyboard in Resources */ = {isa = PBXBuildFile; fileRef = C59EA582298E13D100F16AB8 /* Main.storyboard */; };
		C59EA586298E13D300F16AB8 /* Assets.xcassets in Resources */ = {isa = PBXBuildFile; fileRef = C59EA585298E13D300F16AB8 /* Assets.xcassets */; };
		C59EA589298E13D300F16AB8 /* LaunchScreen.storyboard in Resources */ = {isa = PBXBuildFile; fileRef = C59EA587298E13D300F16AB8 /* LaunchScreen.storyboard */; };
/* End PBXBuildFile section */

/* Begin PBXFileReference section */
		C50F5903298E217600CA1010 /* ShowMoviesVCViewController.swift */ = {isa = PBXFileReference; lastKnownFileType = sourcecode.swift; path = ShowMoviesVCViewController.swift; sourceTree = "<group>"; };
		C50F5907298E265700CA1010 /* MoviePoster.swift */ = {isa = PBXFileReference; lastKnownFileType = sourcecode.swift; path = MoviePoster.swift; sourceTree = "<group>"; };
		C50F5909298E2DA900CA1010 /* MovieCell.swift */ = {isa = PBXFileReference; lastKnownFileType = sourcecode.swift; path = MovieCell.swift; sourceTree = "<group>"; };
		C50F590B298E422300CA1010 /* NetworkManager.swift */ = {isa = PBXFileReference; lastKnownFileType = sourcecode.swift; path = NetworkManager.swift; sourceTree = "<group>"; };
		C50F590D298E583900CA1010 /* MovieModel.swift */ = {isa = PBXFileReference; lastKnownFileType = sourcecode.swift; path = MovieModel.swift; sourceTree = "<group>"; };
		C59EA579298E13D100F16AB8 /* OnlyFilms.app */ = {isa = PBXFileReference; explicitFileType = wrapper.application; includeInIndex = 0; path = OnlyFilms.app; sourceTree = BUILT_PRODUCTS_DIR; };
		C59EA57C298E13D100F16AB8 /* AppDelegate.swift */ = {isa = PBXFileReference; lastKnownFileType = sourcecode.swift; path = AppDelegate.swift; sourceTree = "<group>"; };
		C59EA57E298E13D100F16AB8 /* SceneDelegate.swift */ = {isa = PBXFileReference; lastKnownFileType = sourcecode.swift; path = SceneDelegate.swift; sourceTree = "<group>"; };
		C59EA580298E13D100F16AB8 /* ViewController.swift */ = {isa = PBXFileReference; lastKnownFileType = sourcecode.swift; path = ViewController.swift; sourceTree = "<group>"; };
		C59EA583298E13D100F16AB8 /* Base */ = {isa = PBXFileReference; lastKnownFileType = file.storyboard; name = Base; path = Base.lproj/Main.storyboard; sourceTree = "<group>"; };
		C59EA585298E13D300F16AB8 /* Assets.xcassets */ = {isa = PBXFileReference; lastKnownFileType = folder.assetcatalog; path = Assets.xcassets; sourceTree = "<group>"; };
		C59EA588298E13D300F16AB8 /* Base */ = {isa = PBXFileReference; lastKnownFileType = file.storyboard; name = Base; path = Base.lproj/LaunchScreen.storyboard; sourceTree = "<group>"; };
		C59EA58A298E13D300F16AB8 /* Info.plist */ = {isa = PBXFileReference; lastKnownFileType = text.plist.xml; path = Info.plist; sourceTree = "<group>"; };
/* End PBXFileReference section */

/* Begin PBXFrameworksBuildPhase section */
		C59EA576298E13D100F16AB8 /* Frameworks */ = {
			isa = PBXFrameworksBuildPhase;
			buildActionMask = 2147483647;
			files = (
			);
			runOnlyForDeploymentPostprocessing = 0;
		};
/* End PBXFrameworksBuildPhase section */

/* Begin PBXGroup section */
		C59EA570298E13D100F16AB8 = {
			isa = PBXGroup;
			children = (
				C59EA57B298E13D100F16AB8 /* OnlyFilms */,
				C59EA57A298E13D100F16AB8 /* Products */,
			);
			sourceTree = "<group>";
		};
		C59EA57A298E13D100F16AB8 /* Products */ = {
			isa = PBXGroup;
			children = (
				C59EA579298E13D100F16AB8 /* OnlyFilms.app */,
			);
			name = Products;
			sourceTree = "<group>";
		};
		C59EA57B298E13D100F16AB8 /* OnlyFilms */ = {
			isa = PBXGroup;
			children = (
				C50F590B298E422300CA1010 /* NetworkManager.swift */,
				C50F5907298E265700CA1010 /* MoviePoster.swift */,
				C59EA57C298E13D100F16AB8 /* AppDelegate.swift */,
				C59EA57E298E13D100F16AB8 /* SceneDelegate.swift */,
				C59EA580298E13D100F16AB8 /* ViewController.swift */,
				C50F590D298E583900CA1010 /* MovieModel.swift */,
				C59EA582298E13D100F16AB8 /* Main.storyboard */,
				C50F5909298E2DA900CA1010 /* MovieCell.swift */,
				C50F5903298E217600CA1010 /* ShowMoviesVCViewController.swift */,
				C59EA585298E13D300F16AB8 /* Assets.xcassets */,
				C59EA587298E13D300F16AB8 /* LaunchScreen.storyboard */,
				C59EA58A298E13D300F16AB8 /* Info.plist */,
			);
			path = OnlyFilms;
			sourceTree = "<group>";
		};
/* End PBXGroup section */

/* Begin PBXNativeTarget section */
		C59EA578298E13D100F16AB8 /* OnlyFilms */ = {
			isa = PBXNativeTarget;
			buildConfigurationList = C59EA58D298E13D300F16AB8 /* Build configuration list for PBXNativeTarget "OnlyFilms" */;
			buildPhases = (
				C59EA575298E13D100F16AB8 /* Sources */,
				C59EA576298E13D100F16AB8 /* Frameworks */,
				C59EA577298E13D100F16AB8 /* Resources */,
			);
			buildRules = (
			);
			dependencies = (
			);
			name = OnlyFilms;
			productName = OnlyFilms;
			productReference = C59EA579298E13D100F16AB8 /* OnlyFilms.app */;
			productType = "com.apple.product-type.application";
		};
/* End PBXNativeTarget section */

/* Begin PBXProject section */
		C59EA571298E13D100F16AB8 /* Project object */ = {
			isa = PBXProject;
			attributes = {
				BuildIndependentTargetsInParallel = 1;
				LastSwiftUpdateCheck = 1420;
				LastUpgradeCheck = 1420;
				TargetAttributes = {
					C59EA578298E13D100F16AB8 = {
						CreatedOnToolsVersion = 14.2;
					};
				};
			};
			buildConfigurationList = C59EA574298E13D100F16AB8 /* Build configuration list for PBXProject "OnlyFilms" */;
			compatibilityVersion = "Xcode 14.0";
			developmentRegion = en;
			hasScannedForEncodings = 0;
			knownRegions = (
				en,
				Base,
			);
			mainGroup = C59EA570298E13D100F16AB8;
			productRefGroup = C59EA57A298E13D100F16AB8 /* Products */;
			projectDirPath = "";
			projectRoot = "";
			targets = (
				C59EA578298E13D100F16AB8 /* OnlyFilms */,
			);
		};
/* End PBXProject section */

/* Begin PBXResourcesBuildPhase section */
		C59EA577298E13D100F16AB8 /* Resources */ = {
			isa = PBXResourcesBuildPhase;
			buildActionMask = 2147483647;
			files = (
				C59EA589298E13D300F16AB8 /* LaunchScreen.storyboard in Resources */,
				C59EA586298E13D300F16AB8 /* Assets.xcassets in Resources */,
				C59EA584298E13D100F16AB8 /* Main.storyboard in Resources */,
			);
			runOnlyForDeploymentPostprocessing = 0;
		};
/* End PBXResourcesBuildPhase section */

/* Begin PBXSourcesBuildPhase section */
		C59EA575298E13D100F16AB8 /* Sources */ = {
			isa = PBXSourcesBuildPhase;
			buildActionMask = 2147483647;
			files = (
				C59EA581298E13D100F16AB8 /* ViewController.swift in Sources */,
				C50F5908298E265700CA1010 /* MoviePoster.swift in Sources */,
				C50F590A298E2DA900CA1010 /* MovieCell.swift in Sources */,
				C50F590C298E422300CA1010 /* NetworkManager.swift in Sources */,
				C50F590E298E583900CA1010 /* MovieModel.swift in Sources */,
				C59EA57D298E13D100F16AB8 /* AppDelegate.swift in Sources */,
				C50F5905298E217600CA1010 /* ShowMoviesVCViewController.swift in Sources */,
				C59EA57F298E13D100F16AB8 /* SceneDelegate.swift in Sources */,
			);
			runOnlyForDeploymentPostprocessing = 0;
		};
/* End PBXSourcesBuildPhase section */

/* Begin PBXVariantGroup section */
		C59EA582298E13D100F16AB8 /* Main.storyboard */ = {
			isa = PBXVariantGroup;
			children = (
				C59EA583298E13D100F16AB8 /* Base */,
			);
			name = Main.storyboard;
			sourceTree = "<group>";
		};
		C59EA587298E13D300F16AB8 /* LaunchScreen.storyboard */ = {
			isa = PBXVariantGroup;
			children = (
				C59EA588298E13D300F16AB8 /* Base */,
			);
			name = LaunchScreen.storyboard;
			sourceTree = "<group>";
		};
/* End PBXVariantGroup section */

/* Begin XCBuildConfiguration section */
		C59EA58B298E13D300F16AB8 /* Debug */ = {
			isa = XCBuildConfiguration;
			buildSettings = {
				ALWAYS_SEARCH_USER_PATHS = NO;
				CLANG_ANALYZER_NONNULL = YES;
				CLANG_ANALYZER_NUMBER_OBJECT_CONVERSION = YES_AGGRESSIVE;
				CLANG_CXX_LANGUAGE_STANDARD = "gnu++20";
				CLANG_ENABLE_MODULES = YES;
				CLANG_ENABLE_OBJC_ARC = YES;
				CLANG_ENABLE_OBJC_WEAK = YES;
				CLANG_WARN_BLOCK_CAPTURE_AUTORELEASING = YES;
				CLANG_WARN_BOOL_CONVERSION = YES;
				CLANG_WARN_COMMA = YES;
				CLANG_WARN_CONSTANT_CONVERSION = YES;
				CLANG_WARN_DEPRECATED_OBJC_IMPLEMENTATIONS = YES;
				CLANG_WARN_DIRECT_OBJC_ISA_USAGE = YES_ERROR;
				CLANG_WARN_DOCUMENTATION_COMMENTS = YES;
				CLANG_WARN_EMPTY_BODY = YES;
				CLANG_WARN_ENUM_CONVERSION = YES;
				CLANG_WARN_INFINITE_RECURSION = YES;
				CLANG_WARN_INT_CONVERSION = YES;
				CLANG_WARN_NON_LITERAL_NULL_CONVERSION = YES;
				CLANG_WARN_OBJC_IMPLICIT_RETAIN_SELF = YES;
				CLANG_WARN_OBJC_LITERAL_CONVERSION = YES;
				CLANG_WARN_OBJC_ROOT_CLASS = YES_ERROR;
				CLANG_WARN_QUOTED_INCLUDE_IN_FRAMEWORK_HEADER = YES;
				CLANG_WARN_RANGE_LOOP_ANALYSIS = YES;
				CLANG_WARN_STRICT_PROTOTYPES = YES;
				CLANG_WARN_SUSPICIOUS_MOVE = YES;
				CLANG_WARN_UNGUARDED_AVAILABILITY = YES_AGGRESSIVE;
				CLANG_WARN_UNREACHABLE_CODE = YES;
				CLANG_WARN__DUPLICATE_METHOD_MATCH = YES;
				COPY_PHASE_STRIP = NO;
				DEBUG_INFORMATION_FORMAT = dwarf;
				ENABLE_STRICT_OBJC_MSGSEND = YES;
				ENABLE_TESTABILITY = YES;
				GCC_C_LANGUAGE_STANDARD = gnu11;
				GCC_DYNAMIC_NO_PIC = NO;
				GCC_NO_COMMON_BLOCKS = YES;
				GCC_OPTIMIZATION_LEVEL = 0;
				GCC_PREPROCESSOR_DEFINITIONS = (
					"DEBUG=1",
					"$(inherited)",
				);
				GCC_WARN_64_TO_32_BIT_CONVERSION = YES;
				GCC_WARN_ABOUT_RETURN_TYPE = YES_ERROR;
				GCC_WARN_UNDECLARED_SELECTOR = YES;
				GCC_WARN_UNINITIALIZED_AUTOS = YES_AGGRESSIVE;
				GCC_WARN_UNUSED_FUNCTION = YES;
				GCC_WARN_UNUSED_VARIABLE = YES;
				IPHONEOS_DEPLOYMENT_TARGET = 16.2;
				MTL_ENABLE_DEBUG_INFO = INCLUDE_SOURCE;
				MTL_FAST_MATH = YES;
				ONLY_ACTIVE_ARCH = YES;
				SDKROOT = iphoneos;
				SWIFT_ACTIVE_COMPILATION_CONDITIONS = DEBUG;
				SWIFT_OPTIMIZATION_LEVEL = "-Onone";
			};
			name = Debug;
		};
		C59EA58C298E13D300F16AB8 /* Release */ = {
			isa = XCBuildConfiguration;
			buildSettings = {
				ALWAYS_SEARCH_USER_PATHS = NO;
				CLANG_ANALYZER_NONNULL = YES;
				CLANG_ANALYZER_NUMBER_OBJECT_CONVERSION = YES_AGGRESSIVE;
				CLANG_CXX_LANGUAGE_STANDARD = "gnu++20";
				CLANG_ENABLE_MODULES = YES;
				CLANG_ENABLE_OBJC_ARC = YES;
				CLANG_ENABLE_OBJC_WEAK = YES;
				CLANG_WARN_BLOCK_CAPTURE_AUTORELEASING = YES;
				CLANG_WARN_BOOL_CONVERSION = YES;
				CLANG_WARN_COMMA = YES;
				CLANG_WARN_CONSTANT_CONVERSION = YES;
				CLANG_WARN_DEPRECATED_OBJC_IMPLEMENTATIONS = YES;
				CLANG_WARN_DIRECT_OBJC_ISA_USAGE = YES_ERROR;
				CLANG_WARN_DOCUMENTATION_COMMENTS = YES;
				CLANG_WARN_EMPTY_BODY = YES;
				CLANG_WARN_ENUM_CONVERSION = YES;
				CLANG_WARN_INFINITE_RECURSION = YES;
				CLANG_WARN_INT_CONVERSION = YES;
				CLANG_WARN_NON_LITERAL_NULL_CONVERSION = YES;
				CLANG_WARN_OBJC_IMPLICIT_RETAIN_SELF = YES;
				CLANG_WARN_OBJC_LITERAL_CONVERSION = YES;
				CLANG_WARN_OBJC_ROOT_CLASS = YES_ERROR;
				CLANG_WARN_QUOTED_INCLUDE_IN_FRAMEWORK_HEADER = YES;
				CLANG_WARN_RANGE_LOOP_ANALYSIS = YES;
				CLANG_WARN_STRICT_PROTOTYPES = YES;
				CLANG_WARN_SUSPICIOUS_MOVE = YES;
				CLANG_WARN_UNGUARDED_AVAILABILITY = YES_AGGRESSIVE;
				CLANG_WARN_UNREACHABLE_CODE = YES;
				CLANG_WARN__DUPLICATE_METHOD_MATCH = YES;
				COPY_PHASE_STRIP = NO;
				DEBUG_INFORMATION_FORMAT = "dwarf-with-dsym";
				ENABLE_NS_ASSERTIONS = NO;
				ENABLE_STRICT_OBJC_MSGSEND = YES;
				GCC_C_LANGUAGE_STANDARD = gnu11;
				GCC_NO_COMMON_BLOCKS = YES;
				GCC_WARN_64_TO_32_BIT_CONVERSION = YES;
				GCC_WARN_ABOUT_RETURN_TYPE = YES_ERROR;
				GCC_WARN_UNDECLARED_SELECTOR = YES;
				GCC_WARN_UNINITIALIZED_AUTOS = YES_AGGRESSIVE;
				GCC_WARN_UNUSED_FUNCTION = YES;
				GCC_WARN_UNUSED_VARIABLE = YES;
				IPHONEOS_DEPLOYMENT_TARGET = 16.2;
				MTL_ENABLE_DEBUG_INFO = NO;
				MTL_FAST_MATH = YES;
				SDKROOT = iphoneos;
				SWIFT_COMPILATION_MODE = wholemodule;
				SWIFT_OPTIMIZATION_LEVEL = "-O";
				VALIDATE_PRODUCT = YES;
			};
			name = Release;
		};
		C59EA58E298E13D300F16AB8 /* Debug */ = {
			isa = XCBuildConfiguration;
			buildSettings = {
				ASSETCATALOG_COMPILER_APPICON_NAME = AppIcon;
				ASSETCATALOG_COMPILER_GLOBAL_ACCENT_COLOR_NAME = AccentColor;
				CODE_SIGN_STYLE = Automatic;
				CURRENT_PROJECT_VERSION = 1;
				GENERATE_INFOPLIST_FILE = YES;
				INFOPLIST_FILE = OnlyFilms/Info.plist;
				INFOPLIST_KEY_UIApplicationSupportsIndirectInputEvents = YES;
				INFOPLIST_KEY_UILaunchStoryboardName = LaunchScreen;
				INFOPLIST_KEY_UIMainStoryboardFile = Main;
				INFOPLIST_KEY_UISupportedInterfaceOrientations_iPad = "UIInterfaceOrientationPortrait UIInterfaceOrientationPortraitUpsideDown UIInterfaceOrientationLandscapeLeft UIInterfaceOrientationLandscapeRight";
				INFOPLIST_KEY_UISupportedInterfaceOrientations_iPhone = "UIInterfaceOrientationPortrait UIInterfaceOrientationLandscapeLeft UIInterfaceOrientationLandscapeRight";
				LD_RUNPATH_SEARCH_PATHS = (
					"$(inherited)",
					"@executable_path/Frameworks",
				);
				MARKETING_VERSION = 1.0;
				PRODUCT_BUNDLE_IDENTIFIER = arsenic.OnlyFilms;
				PRODUCT_NAME = "$(TARGET_NAME)";
				SWIFT_EMIT_LOC_STRINGS = YES;
				SWIFT_VERSION = 5.0;
				TARGETED_DEVICE_FAMILY = "1,2";
			};
			name = Debug;
		};
		C59EA58F298E13D300F16AB8 /* Release */ = {
			isa = XCBuildConfiguration;
			buildSettings = {
				ASSETCATALOG_COMPILER_APPICON_NAME = AppIcon;
				ASSETCATALOG_COMPILER_GLOBAL_ACCENT_COLOR_NAME = AccentColor;
				CODE_SIGN_STYLE = Automatic;
				CURRENT_PROJECT_VERSION = 1;
				GENERATE_INFOPLIST_FILE = YES;
				INFOPLIST_FILE = OnlyFilms/Info.plist;
				INFOPLIST_KEY_UIApplicationSupportsIndirectInputEvents = YES;
				INFOPLIST_KEY_UILaunchStoryboardName = LaunchScreen;
				INFOPLIST_KEY_UIMainStoryboardFile = Main;
				INFOPLIST_KEY_UISupportedInterfaceOrientations_iPad = "UIInterfaceOrientationPortrait UIInterfaceOrientationPortraitUpsideDown UIInterfaceOrientationLandscapeLeft UIInterfaceOrientationLandscapeRight";
				INFOPLIST_KEY_UISupportedInterfaceOrientations_iPhone = "UIInterfaceOrientationPortrait UIInterfaceOrientationLandscapeLeft UIInterfaceOrientationLandscapeRight";
				LD_RUNPATH_SEARCH_PATHS = (
					"$(inherited)",
					"@executable_path/Frameworks",
				);
				MARKETING_VERSION = 1.0;
				PRODUCT_BUNDLE_IDENTIFIER = arsenic.OnlyFilms;
				PRODUCT_NAME = "$(TARGET_NAME)";
				SWIFT_EMIT_LOC_STRINGS = YES;
				SWIFT_VERSION = 5.0;
				TARGETED_DEVICE_FAMILY = "1,2";
			};
			name = Release;
		};
/* End XCBuildConfiguration section */

/* Begin XCConfigurationList section */
		C59EA574298E13D100F16AB8 /* Build configuration list for PBXProject "OnlyFilms" */ = {
			isa = XCConfigurationList;
			buildConfigurations = (
				C59EA58B298E13D300F16AB8 /* Debug */,
				C59EA58C298E13D300F16AB8 /* Release */,
			);
			defaultConfigurationIsVisible = 0;
			defaultConfigurationName = Release;
		};
		C59EA58D298E13D300F16AB8 /* Build configuration list for PBXNativeTarget "OnlyFilms" */ = {
			isa = XCConfigurationList;
			buildConfigurations = (
				C59EA58E298E13D300F16AB8 /* Debug */,
				C59EA58F298E13D300F16AB8 /* Release */,
			);
			defaultConfigurationIsVisible = 0;
			defaultConfigurationName = Release;
		};
/* End XCConfigurationList section */
	};
	rootObject = C59EA571298E13D100F16AB8 /* Project object */;
}
